// !$*UTF8*$!
{
	archiveVersion = 1;
	classes = {
	};
	objectVersion = 50;
	objects = {

/* Begin PBXBuildFile section */
		FA55888525065D7600798D54 /* AppDelegate.swift in Sources */ = {isa = PBXBuildFile; fileRef = FA55888425065D7600798D54 /* AppDelegate.swift */; };
		FA55888725065D7600798D54 /* SceneDelegate.swift in Sources */ = {isa = PBXBuildFile; fileRef = FA55888625065D7600798D54 /* SceneDelegate.swift */; };
		FA55888925065D7600798D54 /* ViewController.swift in Sources */ = {isa = PBXBuildFile; fileRef = FA55888825065D7600798D54 /* ViewController.swift */; };
		FA55888C25065D7600798D54 /* Main.storyboard in Resources */ = {isa = PBXBuildFile; fileRef = FA55888A25065D7600798D54 /* Main.storyboard */; };
		FA55888E25065D7C00798D54 /* Assets.xcassets in Resources */ = {isa = PBXBuildFile; fileRef = FA55888D25065D7C00798D54 /* Assets.xcassets */; };
		FA55889125065D7C00798D54 /* LaunchScreen.storyboard in Resources */ = {isa = PBXBuildFile; fileRef = FA55888F25065D7C00798D54 /* LaunchScreen.storyboard */; };
		FA55889925065D9700798D54 /* SecondViewController.swift in Sources */ = {isa = PBXBuildFile; fileRef = FA55889825065D9700798D54 /* SecondViewController.swift */; };
		FA55889B25065DAD00798D54 /* ThirdViewController.swift in Sources */ = {isa = PBXBuildFile; fileRef = FA55889A25065DAD00798D54 /* ThirdViewController.swift */; };
/* End PBXBuildFile section */

/* Begin PBXFileReference section */
		FA55888125065D7600798D54 /* ivrProject.app */ = {isa = PBXFileReference; explicitFileType = wrapper.application; includeInIndex = 0; path = ivrProject.app; sourceTree = BUILT_PRODUCTS_DIR; };
		FA55888425065D7600798D54 /* AppDelegate.swift */ = {isa = PBXFileReference; lastKnownFileType = sourcecode.swift; path = AppDelegate.swift; sourceTree = "<group>"; };
		FA55888625065D7600798D54 /* SceneDelegate.swift */ = {isa = PBXFileReference; lastKnownFileType = sourcecode.swift; path = SceneDelegate.swift; sourceTree = "<group>"; };
		FA55888825065D7600798D54 /* ViewController.swift */ = {isa = PBXFileReference; lastKnownFileType = sourcecode.swift; path = ViewController.swift; sourceTree = "<group>"; };
		FA55888B25065D7600798D54 /* Base */ = {isa = PBXFileReference; lastKnownFileType = file.storyboard; name = Base; path = Base.lproj/Main.storyboard; sourceTree = "<group>"; };
		FA55888D25065D7C00798D54 /* Assets.xcassets */ = {isa = PBXFileReference; lastKnownFileType = folder.assetcatalog; path = Assets.xcassets; sourceTree = "<group>"; };
		FA55889025065D7C00798D54 /* Base */ = {isa = PBXFileReference; lastKnownFileType = file.storyboard; name = Base; path = Base.lproj/LaunchScreen.storyboard; sourceTree = "<group>"; };
		FA55889225065D7C00798D54 /* Info.plist */ = {isa = PBXFileReference; lastKnownFileType = text.plist.xml; path = Info.plist; sourceTree = "<group>"; };
		FA55889825065D9700798D54 /* SecondViewController.swift */ = {isa = PBXFileReference; lastKnownFileType = sourcecode.swift; path = SecondViewController.swift; sourceTree = "<group>"; };
		FA55889A25065DAD00798D54 /* ThirdViewController.swift */ = {isa = PBXFileReference; lastKnownFileType = sourcecode.swift; path = ThirdViewController.swift; sourceTree = "<group>"; };
/* End PBXFileReference section */

/* Begin PBXFrameworksBuildPhase section */
		FA55887E25065D7600798D54 /* Frameworks */ = {
			isa = PBXFrameworksBuildPhase;
			buildActionMask = 2147483647;
			files = (
			);
			runOnlyForDeploymentPostprocessing = 0;
		};
/* End PBXFrameworksBuildPhase section */

/* Begin PBXGroup section */
		FA55887825065D7600798D54 = {
			isa = PBXGroup;
			children = (
				FA55888325065D7600798D54 /* ivrProject */,
				FA55888225065D7600798D54 /* Products */,
			);
			sourceTree = "<group>";
		};
		FA55888225065D7600798D54 /* Products */ = {
			isa = PBXGroup;
			children = (
				FA55888125065D7600798D54 /* ivrProject.app */,
			);
			name = Products;
			sourceTree = "<group>";
		};
		FA55888325065D7600798D54 /* ivrProject */ = {
			isa = PBXGroup;
			children = (
				FA55888425065D7600798D54 /* AppDelegate.swift */,
				FA55888625065D7600798D54 /* SceneDelegate.swift */,
				FA55888825065D7600798D54 /* ViewController.swift */,
				FA55889825065D9700798D54 /* SecondViewController.swift */,
				FA55889A25065DAD00798D54 /* ThirdViewController.swift */,
				FA55888A25065D7600798D54 /* Main.storyboard */,
				FA55888D25065D7C00798D54 /* Assets.xcassets */,
				FA55888F25065D7C00798D54 /* LaunchScreen.storyboard */,
				FA55889225065D7C00798D54 /* Info.plist */,
			);
			path = ivrProject;
			sourceTree = "<group>";
		};
/* End PBXGroup section */

/* Begin PBXNativeTarget section */
		FA55888025065D7600798D54 /* ivrProject */ = {
			isa = PBXNativeTarget;
			buildConfigurationList = FA55889525065D7C00798D54 /* Build configuration list for PBXNativeTarget "ivrProject" */;
			buildPhases = (
				FA55887D25065D7600798D54 /* Sources */,
				FA55887E25065D7600798D54 /* Frameworks */,
				FA55887F25065D7600798D54 /* Resources */,
			);
			buildRules = (
			);
			dependencies = (
			);
			name = ivrProject;
			productName = ivrProject;
			productReference = FA55888125065D7600798D54 /* ivrProject.app */;
			productType = "com.apple.product-type.application";
		};
/* End PBXNativeTarget section */

/* Begin PBXProject section */
		FA55887925065D7600798D54 /* Project object */ = {
			isa = PBXProject;
			attributes = {
				LastSwiftUpdateCheck = 1120;
				LastUpgradeCheck = 1120;
				ORGANIZATIONNAME = "Kim Irina";
				TargetAttributes = {
					FA55888025065D7600798D54 = {
						CreatedOnToolsVersion = 11.2.1;
					};
				};
			};
			buildConfigurationList = FA55887C25065D7600798D54 /* Build configuration list for PBXProject "ivrProject" */;
			compatibilityVersion = "Xcode 9.3";
			developmentRegion = en;
			hasScannedForEncodings = 0;
			knownRegions = (
				en,
				Base,
			);
			mainGroup = FA55887825065D7600798D54;
			productRefGroup = FA55888225065D7600798D54 /* Products */;
			projectDirPath = "";
			projectRoot = "";
			targets = (
				FA55888025065D7600798D54 /* ivrProject */,
			);
		};
/* End PBXProject section */

/* Begin PBXResourcesBuildPhase section */
		FA55887F25065D7600798D54 /* Resources */ = {
			isa = PBXResourcesBuildPhase;
			buildActionMask = 2147483647;
			files = (
				FA55889125065D7C00798D54 /* LaunchScreen.storyboard in Resources */,
				FA55888E25065D7C00798D54 /* Assets.xcassets in Resources */,
				FA55888C25065D7600798D54 /* Main.storyboard in Resources */,
			);
			runOnlyForDeploymentPostprocessing = 0;
		};
/* End PBXResourcesBuildPhase section */

/* Begin PBXSourcesBuildPhase section */
		FA55887D25065D7600798D54 /* Sources */ = {
			isa = PBXSourcesBuildPhase;
			buildActionMask = 2147483647;
			files = (
				FA55889925065D9700798D54 /* SecondViewController.swift in Sources */,
				FA55888925065D7600798D54 /* ViewController.swift in Sources */,
				FA55889B25065DAD00798D54 /* ThirdViewController.swift in Sources */,
				FA55888525065D7600798D54 /* AppDelegate.swift in Sources */,
				FA55888725065D7600798D54 /* SceneDelegate.swift in Sources */,
			);
			runOnlyForDeploymentPostprocessing = 0;
		};
/* End PBXSourcesBuildPhase section */

/* Begin PBXVariantGroup section */
		FA55888A25065D7600798D54 /* Main.storyboard */ = {
			isa = PBXVariantGroup;
			children = (
				FA55888B25065D7600798D54 /* Base */,
			);
			name = Main.storyboard;
			sourceTree = "<group>";
		};
		FA55888F25065D7C00798D54 /* LaunchScreen.storyboard */ = {
			isa = PBXVariantGroup;
			children = (
				FA55889025065D7C00798D54 /* Base */,
			);
			name = LaunchScreen.storyboard;
			sourceTree = "<group>";
		};
/* End PBXVariantGroup section */

/* Begin XCBuildConfiguration section */
		FA55889325065D7C00798D54 /* Debug */ = {
			isa = XCBuildConfiguration;
			buildSettings = {
				ALWAYS_SEARCH_USER_PATHS = NO;
				CLANG_ANALYZER_NONNULL = YES;
				CLANG_ANALYZER_NUMBER_OBJECT_CONVERSION = YES_AGGRESSIVE;
				CLANG_CXX_LANGUAGE_STANDARD = "gnu++14";
				CLANG_CXX_LIBRARY = "libc++";
				CLANG_ENABLE_MODULES = YES;
				CLANG_ENABLE_OBJC_ARC = YES;
				CLANG_ENABLE_OBJC_WEAK = YES;
				CLANG_WARN_BLOCK_CAPTURE_AUTORELEASING = YES;
				CLANG_WARN_BOOL_CONVERSION = YES;
				CLANG_WARN_COMMA = YES;
				CLANG_WARN_CONSTANT_CONVERSION = YES;
				CLANG_WARN_DEPRECATED_OBJC_IMPLEMENTATIONS = YES;
				CLANG_WARN_DIRECT_OBJC_ISA_USAGE = YES_ERROR;
				CLANG_WARN_DOCUMENTATION_COMMENTS = YES;
				CLANG_WARN_EMPTY_BODY = YES;
				CLANG_WARN_ENUM_CONVERSION = YES;
				CLANG_WARN_INFINITE_RECURSION = YES;
				CLANG_WARN_INT_CONVERSION = YES;
				CLANG_WARN_NON_LITERAL_NULL_CONVERSION = YES;
				CLANG_WARN_OBJC_IMPLICIT_RETAIN_SELF = YES;
				CLANG_WARN_OBJC_LITERAL_CONVERSION = YES;
				CLANG_WARN_OBJC_ROOT_CLASS = YES_ERROR;
				CLANG_WARN_RANGE_LOOP_ANALYSIS = YES;
				CLANG_WARN_STRICT_PROTOTYPES = YES;
				CLANG_WARN_SUSPICIOUS_MOVE = YES;
				CLANG_WARN_UNGUARDED_AVAILABILITY = YES_AGGRESSIVE;
				CLANG_WARN_UNREACHABLE_CODE = YES;
				CLANG_WARN__DUPLICATE_METHOD_MATCH = YES;
				COPY_PHASE_STRIP = NO;
				DEBUG_INFORMATION_FORMAT = dwarf;
				ENABLE_STRICT_OBJC_MSGSEND = YES;
				ENABLE_TESTABILITY = YES;
				GCC_C_LANGUAGE_STANDARD = gnu11;
				GCC_DYNAMIC_NO_PIC = NO;
				GCC_NO_COMMON_BLOCKS = YES;
				GCC_OPTIMIZATION_LEVEL = 0;
				GCC_PREPROCESSOR_DEFINITIONS = (
					"DEBUG=1",
					"$(inherited)",
				);
				GCC_WARN_64_TO_32_BIT_CONVERSION = YES;
				GCC_WARN_ABOUT_RETURN_TYPE = YES_ERROR;
				GCC_WARN_UNDECLARED_SELECTOR = YES;
				GCC_WARN_UNINITIALIZED_AUTOS = YES_AGGRESSIVE;
				GCC_WARN_UNUSED_FUNCTION = YES;
				GCC_WARN_UNUSED_VARIABLE = YES;
				IPHONEOS_DEPLOYMENT_TARGET = 13.2;
				MTL_ENABLE_DEBUG_INFO = INCLUDE_SOURCE;
				MTL_FAST_MATH = YES;
				ONLY_ACTIVE_ARCH = YES;
				SDKROOT = iphoneos;
				SWIFT_ACTIVE_COMPILATION_CONDITIONS = DEBUG;
				SWIFT_OPTIMIZATION_LEVEL = "-Onone";
			};
			name = Debug;
		};
		FA55889425065D7C00798D54 /* Release */ = {
			isa = XCBuildConfiguration;
			buildSettings = {
				ALWAYS_SEARCH_USER_PATHS = NO;
				CLANG_ANALYZER_NONNULL = YES;
				CLANG_ANALYZER_NUMBER_OBJECT_CONVERSION = YES_AGGRESSIVE;
				CLANG_CXX_LANGUAGE_STANDARD = "gnu++14";
				CLANG_CXX_LIBRARY = "libc++";
				CLANG_ENABLE_MODULES = YES;
				CLANG_ENABLE_OBJC_ARC = YES;
				CLANG_ENABLE_OBJC_WEAK = YES;
				CLANG_WARN_BLOCK_CAPTURE_AUTORELEASING = YES;
				CLANG_WARN_BOOL_CONVERSION = YES;
				CLANG_WARN_COMMA = YES;
				CLANG_WARN_CONSTANT_CONVERSION = YES;
				CLANG_WARN_DEPRECATED_OBJC_IMPLEMENTATIONS = YES;
				CLANG_WARN_DIRECT_OBJC_ISA_USAGE = YES_ERROR;
				CLANG_WARN_DOCUMENTATION_COMMENTS = YES;
				CLANG_WARN_EMPTY_BODY = YES;
				CLANG_WARN_ENUM_CONVERSION = YES;
				CLANG_WARN_INFINITE_RECURSION = YES;
				CLANG_WARN_INT_CONVERSION = YES;
				CLANG_WARN_NON_LITERAL_NULL_CONVERSION = YES;
				CLANG_WARN_OBJC_IMPLICIT_RETAIN_SELF = YES;
				CLANG_WARN_OBJC_LITERAL_CONVERSION = YES;
				CLANG_WARN_OBJC_ROOT_CLASS = YES_ERROR;
				CLANG_WARN_RANGE_LOOP_ANALYSIS = YES;
				CLANG_WARN_STRICT_PROTOTYPES = YES;
				CLANG_WARN_SUSPICIOUS_MOVE = YES;
				CLANG_WARN_UNGUARDED_AVAILABILITY = YES_AGGRESSIVE;
				CLANG_WARN_UNREACHABLE_CODE = YES;
				CLANG_WARN__DUPLICATE_METHOD_MATCH = YES;
				COPY_PHASE_STRIP = NO;
				DEBUG_INFORMATION_FORMAT = "dwarf-with-dsym";
				ENABLE_NS_ASSERTIONS = NO;
				ENABLE_STRICT_OBJC_MSGSEND = YES;
				GCC_C_LANGUAGE_STANDARD = gnu11;
				GCC_NO_COMMON_BLOCKS = YES;
				GCC_WARN_64_TO_32_BIT_CONVERSION = YES;
				GCC_WARN_ABOUT_RETURN_TYPE = YES_ERROR;
				GCC_WARN_UNDECLARED_SELECTOR = YES;
				GCC_WARN_UNINITIALIZED_AUTOS = YES_AGGRESSIVE;
				GCC_WARN_UNUSED_FUNCTION = YES;
				GCC_WARN_UNUSED_VARIABLE = YES;
				IPHONEOS_DEPLOYMENT_TARGET = 13.2;
				MTL_ENABLE_DEBUG_INFO = NO;
				MTL_FAST_MATH = YES;
				SDKROOT = iphoneos;
				SWIFT_COMPILATION_MODE = wholemodule;
				SWIFT_OPTIMIZATION_LEVEL = "-O";
				VALIDATE_PRODUCT = YES;
			};
			name = Release;
		};
		FA55889625065D7C00798D54 /* Debug */ = {
			isa = XCBuildConfiguration;
			buildSettings = {
				ASSETCATALOG_COMPILER_APPICON_NAME = AppIcon;
				CODE_SIGN_STYLE = Automatic;
				DEVELOPMENT_TEAM = 33U7Z78KRT;
				INFOPLIST_FILE = ivrProject/Info.plist;
				LD_RUNPATH_SEARCH_PATHS = (
					"$(inherited)",
					"@executable_path/Frameworks",
				);
				PRODUCT_BUNDLE_IDENTIFIER = com.example.Convert.ivrProject;
				PRODUCT_NAME = "$(TARGET_NAME)";
				SWIFT_VERSION = 5.0;
				TARGETED_DEVICE_FAMILY = "1,2";
			};
			name = Debug;
		};
		FA55889725065D7C00798D54 /* Release */ = {
			isa = XCBuildConfiguration;
			buildSettings = {
				ASSETCATALOG_COMPILER_APPICON_NAME = AppIcon;
				CODE_SIGN_STYLE = Automatic;
				DEVELOPMENT_TEAM = 33U7Z78KRT;
				INFOPLIST_FILE = ivrProject/Info.plist;
				LD_RUNPATH_SEARCH_PATHS = (
					"$(inherited)",
					"@executable_path/Frameworks",
				);
				PRODUCT_BUNDLE_IDENTIFIER = com.example.Convert.ivrProject;
				PRODUCT_NAME = "$(TARGET_NAME)";
				SWIFT_VERSION = 5.0;
				TARGETED_DEVICE_FAMILY = "1,2";
			};
			name = Release;
		};
/* End XCBuildConfiguration section */

/* Begin XCConfigurationList section */
		FA55887C25065D7600798D54 /* Build configuration list for PBXProject "ivrProject" */ = {
			isa = XCConfigurationList;
			buildConfigurations = (
				FA55889325065D7C00798D54 /* Debug */,
				FA55889425065D7C00798D54 /* Release */,
			);
			defaultConfigurationIsVisible = 0;
			defaultConfigurationName = Release;
		};
		FA55889525065D7C00798D54 /* Build configuration list for PBXNativeTarget "ivrProject" */ = {
			isa = XCConfigurationList;
			buildConfigurations = (
				FA55889625065D7C00798D54 /* Debug */,
				FA55889725065D7C00798D54 /* Release */,
			);
			defaultConfigurationIsVisible = 0;
			defaultConfigurationName = Release;
		};
/* End XCConfigurationList section */
	};
	rootObject = FA55887925065D7600798D54 /* Project object */;
}
